
Microsoft Visual Studio Solution File, Format Version 12.00
# Visual Studio 2013
VisualStudioVersion = 12.0.40629.0
MinimumVisualStudioVersion = 10.0.40219.1
Project("{2150E333-8FDC-42A3-9474-1A3956D46DE8}") = ".nuget", ".nuget", "{44B19C33-5398-42FF-9EE4-76DD1D20871A}"
	ProjectSection(SolutionItems) = preProject
		.nuget\NuGet.Config = .nuget\NuGet.Config
		.nuget\NuGet.exe = .nuget\NuGet.exe
	EndProjectSection
EndProject
Project("{FAE04EC0-301F-11D3-BF4B-00C04F79EFBC}") = "SampleRunner", "SampleRunner\SampleRunner.csproj", "{79FEDAF3-6FC9-49BA-8288-430EFFF5A41A}"
EndProject
Project("{FAE04EC0-301F-11D3-BF4B-00C04F79EFBC}") = "XCaseGeneric", "XCaseGeneric\XCaseGeneric.csproj", "{F34AB9E6-F1B0-4765-B538-76E56E1A6C79}"
EndProject
Project("{FAE04EC0-301F-11D3-BF4B-00C04F79EFBC}") = "XCaseBase", "XCaseBase\XCaseBase.csproj", "{300C3F88-1908-4ACB-A157-0BD98BEE985C}"
EndProject
Project("{FAE04EC0-301F-11D3-BF4B-00C04F79EFBC}") = "XCaseNUnitRunner", "XCaseNUnitRunner\XCaseNUnitRunner.csproj", "{758B244D-70AA-45CB-86D0-7AC8BEF4CAA4}"
EndProject
Project("{FAE04EC0-301F-11D3-BF4B-00C04F79EFBC}") = "XCaseXUnitRunner", "XCaseXUnitRunner\XCaseXUnitRunner.csproj", "{2F5CE1DB-3084-46F7-8062-62D273E5C01E}"
EndProject
Project("{FAE04EC0-301F-11D3-BF4B-00C04F79EFBC}") = "XCaseCommandLineApplication", "XCaseCommandLineApplication\XCaseCommandLineApplication.csproj", "{0F7BAAE1-9CDF-4CB1-B7C4-9E855F58B71C}"
EndProject
Project("{FAE04EC0-301F-11D3-BF4B-00C04F79EFBC}") = "XCaseFormsApplication", "XCaseFormsApplication\XCaseFormsApplication.csproj", "{B51F0D80-4DB6-40D1-B21A-190169B04A7E}"
EndProject
Project("{FAE04EC0-301F-11D3-BF4B-00C04F79EFBC}") = "XCaseWebApplication", "XCaseWebApplication\XCaseWebApplication.csproj", "{6F94291C-72A3-472E-B433-5A9BC2BA31DA}"
EndProject
Project("{FAE04EC0-301F-11D3-BF4B-00C04F79EFBC}") = "XCaseSpeechApplication", "XCaseSpeechApplication\XCaseSpeechApplication.csproj", "{951F5F7E-E2F8-42E9-968D-9BEE38BDA0AF}"
EndProject
Global
	GlobalSection(SolutionConfigurationPlatforms) = preSolution
		Debug|Any CPU = Debug|Any CPU
		Debug|Mixed Platforms = Debug|Mixed Platforms
		Debug|x86 = Debug|x86
		Release|Any CPU = Release|Any CPU
		Release|Mixed Platforms = Release|Mixed Platforms
		Release|x86 = Release|x86
	EndGlobalSection
	GlobalSection(ProjectConfigurationPlatforms) = postSolution
		{79FEDAF3-6FC9-49BA-8288-430EFFF5A41A}.Debug|Any CPU.ActiveCfg = Debug|Any CPU
		{79FEDAF3-6FC9-49BA-8288-430EFFF5A41A}.Debug|Any CPU.Build.0 = Debug|Any CPU
		{79FEDAF3-6FC9-49BA-8288-430EFFF5A41A}.Debug|Mixed Platforms.ActiveCfg = Debug|Any CPU
		{79FEDAF3-6FC9-49BA-8288-430EFFF5A41A}.Debug|Mixed Platforms.Build.0 = Debug|Any CPU
		{79FEDAF3-6FC9-49BA-8288-430EFFF5A41A}.Debug|x86.ActiveCfg = Debug|Any CPU
		{79FEDAF3-6FC9-49BA-8288-430EFFF5A41A}.Release|Any CPU.ActiveCfg = Release|Any CPU
		{79FEDAF3-6FC9-49BA-8288-430EFFF5A41A}.Release|Any CPU.Build.0 = Release|Any CPU
		{79FEDAF3-6FC9-49BA-8288-430EFFF5A41A}.Release|Mixed Platforms.ActiveCfg = Release|Any CPU
		{79FEDAF3-6FC9-49BA-8288-430EFFF5A41A}.Release|Mixed Platforms.Build.0 = Release|Any CPU
		{79FEDAF3-6FC9-49BA-8288-430EFFF5A41A}.Release|x86.ActiveCfg = Release|Any CPU
		{F34AB9E6-F1B0-4765-B538-76E56E1A6C79}.Debug|Any CPU.ActiveCfg = Debug|Any CPU
		{F34AB9E6-F1B0-4765-B538-76E56E1A6C79}.Debug|Any CPU.Build.0 = Debug|Any CPU
		{F34AB9E6-F1B0-4765-B538-76E56E1A6C79}.Debug|Mixed Platforms.ActiveCfg = Debug|Any CPU
		{F34AB9E6-F1B0-4765-B538-76E56E1A6C79}.Debug|Mixed Platforms.Build.0 = Debug|Any CPU
		{F34AB9E6-F1B0-4765-B538-76E56E1A6C79}.Debug|x86.ActiveCfg = Debug|Any CPU
		{F34AB9E6-F1B0-4765-B538-76E56E1A6C79}.Release|Any CPU.ActiveCfg = Release|Any CPU
		{F34AB9E6-F1B0-4765-B538-76E56E1A6C79}.Release|Any CPU.Build.0 = Release|Any CPU
		{F34AB9E6-F1B0-4765-B538-76E56E1A6C79}.Release|Mixed Platforms.ActiveCfg = Release|Any CPU
		{F34AB9E6-F1B0-4765-B538-76E56E1A6C79}.Release|Mixed Platforms.Build.0 = Release|Any CPU
		{F34AB9E6-F1B0-4765-B538-76E56E1A6C79}.Release|x86.ActiveCfg = Release|Any CPU
		{300C3F88-1908-4ACB-A157-0BD98BEE985C}.Debug|Any CPU.ActiveCfg = Debug|Any CPU
		{300C3F88-1908-4ACB-A157-0BD98BEE985C}.Debug|Any CPU.Build.0 = Debug|Any CPU
		{300C3F88-1908-4ACB-A157-0BD98BEE985C}.Debug|Mixed Platforms.ActiveCfg = Debug|Any CPU
		{300C3F88-1908-4ACB-A157-0BD98BEE985C}.Debug|Mixed Platforms.Build.0 = Debug|Any CPU
		{300C3F88-1908-4ACB-A157-0BD98BEE985C}.Debug|x86.ActiveCfg = Debug|Any CPU
		{300C3F88-1908-4ACB-A157-0BD98BEE985C}.Release|Any CPU.ActiveCfg = Release|Any CPU
		{300C3F88-1908-4ACB-A157-0BD98BEE985C}.Release|Any CPU.Build.0 = Release|Any CPU
		{300C3F88-1908-4ACB-A157-0BD98BEE985C}.Release|Mixed Platforms.ActiveCfg = Release|Any CPU
		{300C3F88-1908-4ACB-A157-0BD98BEE985C}.Release|Mixed Platforms.Build.0 = Release|Any CPU
		{300C3F88-1908-4ACB-A157-0BD98BEE985C}.Release|x86.ActiveCfg = Release|Any CPU
		{758B244D-70AA-45CB-86D0-7AC8BEF4CAA4}.Debug|Any CPU.ActiveCfg = Debug|Any CPU
		{758B244D-70AA-45CB-86D0-7AC8BEF4CAA4}.Debug|Any CPU.Build.0 = Debug|Any CPU
		{758B244D-70AA-45CB-86D0-7AC8BEF4CAA4}.Debug|Mixed Platforms.ActiveCfg = Debug|Any CPU
		{758B244D-70AA-45CB-86D0-7AC8BEF4CAA4}.Debug|Mixed Platforms.Build.0 = Debug|Any CPU
		{758B244D-70AA-45CB-86D0-7AC8BEF4CAA4}.Debug|x86.ActiveCfg = Debug|Any CPU
		{758B244D-70AA-45CB-86D0-7AC8BEF4CAA4}.Release|Any CPU.ActiveCfg = Release|Any CPU
		{758B244D-70AA-45CB-86D0-7AC8BEF4CAA4}.Release|Any CPU.Build.0 = Release|Any CPU
		{758B244D-70AA-45CB-86D0-7AC8BEF4CAA4}.Release|Mixed Platforms.ActiveCfg = Release|Any CPU
		{758B244D-70AA-45CB-86D0-7AC8BEF4CAA4}.Release|Mixed Platforms.Build.0 = Release|Any CPU
		{758B244D-70AA-45CB-86D0-7AC8BEF4CAA4}.Release|x86.ActiveCfg = Release|Any CPU
		{2F5CE1DB-3084-46F7-8062-62D273E5C01E}.Debug|Any CPU.ActiveCfg = Debug|Any CPU
		{2F5CE1DB-3084-46F7-8062-62D273E5C01E}.Debug|Any CPU.Build.0 = Debug|Any CPU
		{2F5CE1DB-3084-46F7-8062-62D273E5C01E}.Debug|Mixed Platforms.ActiveCfg = Debug|Any CPU
		{2F5CE1DB-3084-46F7-8062-62D273E5C01E}.Debug|Mixed Platforms.Build.0 = Debug|Any CPU
		{2F5CE1DB-3084-46F7-8062-62D273E5C01E}.Debug|x86.ActiveCfg = Debug|Any CPU
		{2F5CE1DB-3084-46F7-8062-62D273E5C01E}.Release|Any CPU.ActiveCfg = Release|Any CPU
		{2F5CE1DB-3084-46F7-8062-62D273E5C01E}.Release|Any CPU.Build.0 = Release|Any CPU
		{2F5CE1DB-3084-46F7-8062-62D273E5C01E}.Release|Mixed Platforms.ActiveCfg = Release|Any CPU
		{2F5CE1DB-3084-46F7-8062-62D273E5C01E}.Release|Mixed Platforms.Build.0 = Release|Any CPU
		{2F5CE1DB-3084-46F7-8062-62D273E5C01E}.Release|x86.ActiveCfg = Release|Any CPU
		{0F7BAAE1-9CDF-4CB1-B7C4-9E855F58B71C}.Debug|Any CPU.ActiveCfg = Debug|x86
		{0F7BAAE1-9CDF-4CB1-B7C4-9E855F58B71C}.Debug|Mixed Platforms.ActiveCfg = Debug|x86
		{0F7BAAE1-9CDF-4CB1-B7C4-9E855F58B71C}.Debug|Mixed Platforms.Build.0 = Debug|x86
		{0F7BAAE1-9CDF-4CB1-B7C4-9E855F58B71C}.Debug|x86.ActiveCfg = Debug|x86
		{0F7BAAE1-9CDF-4CB1-B7C4-9E855F58B71C}.Debug|x86.Build.0 = Debug|x86
		{0F7BAAE1-9CDF-4CB1-B7C4-9E855F58B71C}.Release|Any CPU.ActiveCfg = Release|x86
		{0F7BAAE1-9CDF-4CB1-B7C4-9E855F58B71C}.Release|Mixed Platforms.ActiveCfg = Release|x86
		{0F7BAAE1-9CDF-4CB1-B7C4-9E855F58B71C}.Release|Mixed Platforms.Build.0 = Release|x86
		{0F7BAAE1-9CDF-4CB1-B7C4-9E855F58B71C}.Release|x86.ActiveCfg = Release|x86
		{0F7BAAE1-9CDF-4CB1-B7C4-9E855F58B71C}.Release|x86.Build.0 = Release|x86
		{B51F0D80-4DB6-40D1-B21A-190169B04A7E}.Debug|Any CPU.ActiveCfg = Debug|Any CPU
		{B51F0D80-4DB6-40D1-B21A-190169B04A7E}.Debug|Any CPU.Build.0 = Debug|Any CPU
		{B51F0D80-4DB6-40D1-B21A-190169B04A7E}.Debug|Mixed Platforms.ActiveCfg = Debug|Any CPU
		{B51F0D80-4DB6-40D1-B21A-190169B04A7E}.Debug|Mixed Platforms.Build.0 = Debug|Any CPU
		{B51F0D80-4DB6-40D1-B21A-190169B04A7E}.Debug|x86.ActiveCfg = Debug|Any CPU
		{B51F0D80-4DB6-40D1-B21A-190169B04A7E}.Release|Any CPU.ActiveCfg = Release|Any CPU
		{B51F0D80-4DB6-40D1-B21A-190169B04A7E}.Release|Any CPU.Build.0 = Release|Any CPU
		{B51F0D80-4DB6-40D1-B21A-190169B04A7E}.Release|Mixed Platforms.ActiveCfg = Release|Any CPU
		{B51F0D80-4DB6-40D1-B21A-190169B04A7E}.Release|Mixed Platforms.Build.0 = Release|Any CPU
		{B51F0D80-4DB6-40D1-B21A-190169B04A7E}.Release|x86.ActiveCfg = Release|Any CPU
		{6F94291C-72A3-472E-B433-5A9BC2BA31DA}.Debug|Any CPU.ActiveCfg = Debug|Any CPU
		{6F94291C-72A3-472E-B433-5A9BC2BA31DA}.Debug|Any CPU.Build.0 = Debug|Any CPU
		{6F94291C-72A3-472E-B433-5A9BC2BA31DA}.Debug|Mixed Platforms.ActiveCfg = Debug|Any CPU
		{6F94291C-72A3-472E-B433-5A9BC2BA31DA}.Debug|Mixed Platforms.Build.0 = Debug|Any CPU
		{6F94291C-72A3-472E-B433-5A9BC2BA31DA}.Debug|x86.ActiveCfg = Debug|Any CPU
		{6F94291C-72A3-472E-B433-5A9BC2BA31DA}.Release|Any CPU.ActiveCfg = Release|Any CPU
		{6F94291C-72A3-472E-B433-5A9BC2BA31DA}.Release|Any CPU.Build.0 = Release|Any CPU
		{6F94291C-72A3-472E-B433-5A9BC2BA31DA}.Release|Mixed Platforms.ActiveCfg = Release|Any CPU
		{6F94291C-72A3-472E-B433-5A9BC2BA31DA}.Release|Mixed Platforms.Build.0 = Release|Any CPU
		{6F94291C-72A3-472E-B433-5A9BC2BA31DA}.Release|x86.ActiveCfg = Release|Any CPU
		{951F5F7E-E2F8-42E9-968D-9BEE38BDA0AF}.Debug|Any CPU.ActiveCfg = Debug|Any CPU
		{951F5F7E-E2F8-42E9-968D-9BEE38BDA0AF}.Debug|Any CPU.Build.0 = Debug|Any CPU
		{951F5F7E-E2F8-42E9-968D-9BEE38BDA0AF}.Debug|Mixed Platforms.ActiveCfg = Debug|Any CPU
		{951F5F7E-E2F8-42E9-968D-9BEE38BDA0AF}.Debug|Mixed Platforms.Build.0 = Debug|Any CPU
		{951F5F7E-E2F8-42E9-968D-9BEE38BDA0AF}.Debug|x86.ActiveCfg = Debug|Any CPU
		{951F5F7E-E2F8-42E9-968D-9BEE38BDA0AF}.Release|Any CPU.ActiveCfg = Release|Any CPU
		{951F5F7E-E2F8-42E9-968D-9BEE38BDA0AF}.Release|Any CPU.Build.0 = Release|Any CPU
		{951F5F7E-E2F8-42E9-968D-9BEE38BDA0AF}.Release|Mixed Platforms.ActiveCfg = Release|Any CPU
		{951F5F7E-E2F8-42E9-968D-9BEE38BDA0AF}.Release|Mixed Platforms.Build.0 = Release|Any CPU
		{951F5F7E-E2F8-42E9-968D-9BEE38BDA0AF}.Release|x86.ActiveCfg = Release|Any CPU
	EndGlobalSection
	GlobalSection(SolutionProperties) = preSolution
		HideSolutionNode = FALSE
	EndGlobalSection
	GlobalSection(ExtensibilityGlobals) = postSolution
		EnterpriseLibraryConfigurationToolBinariesPath = packages\Unity.2.1.505.2\lib\NET35
	EndGlobalSection
EndGlobal
